
Microsoft Visual Studio Solution File, Format Version 12.00
# Visual Studio Version 17
VisualStudioVersion = 17.0.31903.59
MinimumVisualStudioVersion = 10.0.40219.1
Project("{2150E333-8FDC-42A3-9474-1A3956D46DE8}") = "src", "src", "{FA6FF3DD-F4EF-4190-A9F3-E5473A2F9158}"
EndProject
Project("{FAE04EC0-301F-11D3-BF4B-00C04F79EFBC}") = "Faclon.CosmosDb.Gremlin", "src\Faclon.CosmosDb.Gremlin\Faclon.CosmosDb.Gremlin.csproj", "{20467256-7BAC-4440-A318-FE149AA1BBBC}"
EndProject
Global
	GlobalSection(SolutionConfigurationPlatforms) = preSolution
		Debug|Any CPU = Debug|Any CPU
		Release|Any CPU = Release|Any CPU
	EndGlobalSection
	GlobalSection(SolutionProperties) = preSolution
		HideSolutionNode = FALSE
	EndGlobalSection
	GlobalSection(ProjectConfigurationPlatforms) = postSolution
		{20467256-7BAC-4440-A318-FE149AA1BBBC}.Debug|Any CPU.ActiveCfg = Debug|Any CPU
		{20467256-7BAC-4440-A318-FE149AA1BBBC}.Debug|Any CPU.Build.0 = Debug|Any CPU
		{20467256-7BAC-4440-A318-FE149AA1BBBC}.Release|Any CPU.ActiveCfg = Release|Any CPU
		{20467256-7BAC-4440-A318-FE149AA1BBBC}.Release|Any CPU.Build.0 = Release|Any CPU
	EndGlobalSection
	GlobalSection(NestedProjects) = preSolution
		{20467256-7BAC-4440-A318-FE149AA1BBBC} = {FA6FF3DD-F4EF-4190-A9F3-E5473A2F9158}
	EndGlobalSection
EndGlobal
